Microsoft Visual Studio Solution File, Format Version 12.00
# Visual Studio Version 18
VisualStudioVersion = 18.0.11505.120
MinimumVisualStudioVersion = 10.0.40219.1
Project("{FAE04EC0-301F-11D3-BF4B-00C04F79EFBC}") = "ApSolutions.LocalMedia.Domain", "src\ApSolutions.LocalMedia.Domain\ApSolutions.LocalMedia.Domain.csproj", "{A1000000-0000-4000-8000-000000000001}"
EndProject
Project("{FAE04EC0-301F-11D3-BF4B-00C04F79EFBC}") = "ApSolutions.LocalMedia.Application", "src\ApSolutions.LocalMedia.Application\ApSolutions.LocalMedia.Application.csproj", "{A2000000-0000-4000-8000-000000000002}"
EndProject
Project("{FAE04EC0-301F-11D3-BF4B-00C04F79EFBC}") = "ApSolutions.LocalMedia.Infrastructure", "src\ApSolutions.LocalMedia.Infrastructure\ApSolutions.LocalMedia.Infrastructure.csproj", "{A3000000-0000-4000-8000-000000000003}"
EndProject
Project("{FAE04EC0-301F-11D3-BF4B-00C04F79EFBC}") = "ApSolutions.LocalMedia.Presentation", "src\ApSolutions.LocalMedia.Presentation\ApSolutions.LocalMedia.Presentation.csproj", "{A4000000-0000-4000-8000-000000000004}"
EndProject
Project("{FAE04EC0-301F-11D3-BF4B-00C04F79EFBC}") = "ApSolutions.LocalMedia.Windows", "src\ApSolutions.LocalMedia.Windows\ApSolutions.LocalMedia.Windows.csproj", "{A5000000-0000-4000-8000-000000000005}"
EndProject
Project("{FAE04EC0-301F-11D3-BF4B-00C04F79EFBC}") = "ApSolutions.LocalMedia.Domain.Tests", "tests\ApSolutions.LocalMedia.Domain.Tests\ApSolutions.LocalMedia.Domain.Tests.csproj", "{B1000000-0000-4000-8000-000000000001}"
EndProject
Project("{FAE04EC0-301F-11D3-BF4B-00C04F79EFBC}") = "ApSolutions.LocalMedia.Application.Tests", "tests\ApSolutions.LocalMedia.Application.Tests\ApSolutions.LocalMedia.Application.Tests.csproj", "{B2000000-0000-4000-8000-000000000002}"
EndProject
Project("{FAE04EC0-301F-11D3-BF4B-00C04F79EFBC}") = "ApSolutions.LocalMedia.ArchitectureTests", "tests\ApSolutions.LocalMedia.ArchitectureTests\ApSolutions.LocalMedia.ArchitectureTests.csproj", "{B3000000-0000-4000-8000-000000000003}"
EndProject
Project("{FAE04EC0-301F-11D3-BF4B-00C04F79EFBC}") = "ApSolutions.LocalMedia.IntegrationTests", "tests\ApSolutions.LocalMedia.IntegrationTests\ApSolutions.LocalMedia.IntegrationTests.csproj", "{B4000000-0000-4000-8000-000000000004}"
EndProject
Project("{FAE04EC0-301F-11D3-BF4B-00C04F79EFBC}") = "ApSolutions.LocalMedia.UiTests", "tests\ApSolutions.LocalMedia.UiTests\ApSolutions.LocalMedia.UiTests.csproj", "{B5000000-0000-4000-8000-000000000005}"
EndProject
Project("{FAE04EC0-301F-11D3-BF4B-00C04F79EFBC}") = "ApSolutions.LocalMedia.AccessibilityTests", "tests\ApSolutions.LocalMedia.AccessibilityTests\ApSolutions.LocalMedia.AccessibilityTests.csproj", "{B6000000-0000-4000-8000-000000000006}"
EndProject
Project("{FAE04EC0-301F-11D3-BF4B-00C04F79EFBC}") = "ApSolutions.LocalMedia.MediaTests", "tests\ApSolutions.LocalMedia.MediaTests\ApSolutions.LocalMedia.MediaTests.csproj", "{B7000000-0000-4000-8000-000000000007}"
EndProject
Project("{FAE04EC0-301F-11D3-BF4B-00C04F79EFBC}") = "ApSolutions.LocalMedia.PerformanceTests", "tests\ApSolutions.LocalMedia.PerformanceTests\ApSolutions.LocalMedia.PerformanceTests.csproj", "{B8000000-0000-4000-8000-000000000008}"
EndProject
Project("{FAE04EC0-301F-11D3-BF4B-00C04F79EFBC}") = "ApSolutions.LocalMedia.PackagingTests", "tests\ApSolutions.LocalMedia.PackagingTests\ApSolutions.LocalMedia.PackagingTests.csproj", "{B9000000-0000-4000-8000-000000000009}"
EndProject
Project("{FAE04EC0-301F-11D3-BF4B-00C04F79EFBC}") = "ApSolutions.LocalMedia.DocumentationTests", "tests\ApSolutions.LocalMedia.DocumentationTests\ApSolutions.LocalMedia.DocumentationTests.csproj", "{BA000000-0000-4000-8000-000000000010}"
EndProject
Project("{FAE04EC0-301F-11D3-BF4B-00C04F79EFBC}") = "ApSolutions.LocalMedia.Benchmarks", "benchmarks\ApSolutions.LocalMedia.Benchmarks\ApSolutions.LocalMedia.Benchmarks.csproj", "{C1000000-0000-4000-8000-000000000001}"
EndProject
Global
	GlobalSection(SolutionConfigurationPlatforms) = preSolution
		Debug|Any CPU = Debug|Any CPU
		Release|Any CPU = Release|Any CPU
	EndGlobalSection
	GlobalSection(ProjectConfigurationPlatforms) = postSolution
		{A1000000-0000-4000-8000-000000000001}.Debug|Any CPU.ActiveCfg = Debug|Any CPU
		{A1000000-0000-4000-8000-000000000001}.Debug|Any CPU.Build.0 = Debug|Any CPU
		{A1000000-0000-4000-8000-000000000001}.Release|Any CPU.ActiveCfg = Release|Any CPU
		{A1000000-0000-4000-8000-000000000001}.Release|Any CPU.Build.0 = Release|Any CPU
		{A2000000-0000-4000-8000-000000000002}.Debug|Any CPU.ActiveCfg = Debug|Any CPU
		{A2000000-0000-4000-8000-000000000002}.Debug|Any CPU.Build.0 = Debug|Any CPU
		{A2000000-0000-4000-8000-000000000002}.Release|Any CPU.ActiveCfg = Release|Any CPU
		{A2000000-0000-4000-8000-000000000002}.Release|Any CPU.Build.0 = Release|Any CPU
		{A3000000-0000-4000-8000-000000000003}.Debug|Any CPU.ActiveCfg = Debug|Any CPU
		{A3000000-0000-4000-8000-000000000003}.Debug|Any CPU.Build.0 = Debug|Any CPU
		{A3000000-0000-4000-8000-000000000003}.Release|Any CPU.ActiveCfg = Release|Any CPU
		{A3000000-0000-4000-8000-000000000003}.Release|Any CPU.Build.0 = Release|Any CPU
		{A4000000-0000-4000-8000-000000000004}.Debug|Any CPU.ActiveCfg = Debug|Any CPU
		{A4000000-0000-4000-8000-000000000004}.Debug|Any CPU.Build.0 = Debug|Any CPU
		{A4000000-0000-4000-8000-000000000004}.Release|Any CPU.ActiveCfg = Release|Any CPU
		{A4000000-0000-4000-8000-000000000004}.Release|Any CPU.Build.0 = Release|Any CPU
		{A5000000-0000-4000-8000-000000000005}.Debug|Any CPU.ActiveCfg = Debug|Any CPU
		{A5000000-0000-4000-8000-000000000005}.Debug|Any CPU.Build.0 = Debug|Any CPU
		{A5000000-0000-4000-8000-000000000005}.Release|Any CPU.ActiveCfg = Release|Any CPU
		{A5000000-0000-4000-8000-000000000005}.Release|Any CPU.Build.0 = Release|Any CPU
		{B1000000-0000-4000-8000-000000000001}.Debug|Any CPU.ActiveCfg = Debug|Any CPU
		{B1000000-0000-4000-8000-000000000001}.Debug|Any CPU.Build.0 = Debug|Any CPU
		{B1000000-0000-4000-8000-000000000001}.Release|Any CPU.ActiveCfg = Release|Any CPU
		{B1000000-0000-4000-8000-000000000001}.Release|Any CPU.Build.0 = Release|Any CPU
		{B2000000-0000-4000-8000-000000000002}.Debug|Any CPU.ActiveCfg = Debug|Any CPU
		{B2000000-0000-4000-8000-000000000002}.Debug|Any CPU.Build.0 = Debug|Any CPU
		{B2000000-0000-4000-8000-000000000002}.Release|Any CPU.ActiveCfg = Release|Any CPU
		{B2000000-0000-4000-8000-000000000002}.Release|Any CPU.Build.0 = Release|Any CPU
		{B3000000-0000-4000-8000-000000000003}.Debug|Any CPU.ActiveCfg = Debug|Any CPU
		{B3000000-0000-4000-8000-000000000003}.Debug|Any CPU.Build.0 = Debug|Any CPU
		{B3000000-0000-4000-8000-000000000003}.Release|Any CPU.ActiveCfg = Release|Any CPU
		{B3000000-0000-4000-8000-000000000003}.Release|Any CPU.Build.0 = Release|Any CPU
		{B4000000-0000-4000-8000-000000000004}.Debug|Any CPU.ActiveCfg = Debug|Any CPU
		{B4000000-0000-4000-8000-000000000004}.Debug|Any CPU.Build.0 = Debug|Any CPU
		{B4000000-0000-4000-8000-000000000004}.Release|Any CPU.ActiveCfg = Release|Any CPU
		{B4000000-0000-4000-8000-000000000004}.Release|Any CPU.Build.0 = Release|Any CPU
		{B5000000-0000-4000-8000-000000000005}.Debug|Any CPU.ActiveCfg = Debug|Any CPU
		{B5000000-0000-4000-8000-000000000005}.Debug|Any CPU.Build.0 = Debug|Any CPU
		{B5000000-0000-4000-8000-000000000005}.Release|Any CPU.ActiveCfg = Release|Any CPU
		{B5000000-0000-4000-8000-000000000005}.Release|Any CPU.Build.0 = Release|Any CPU
		{B6000000-0000-4000-8000-000000000006}.Debug|Any CPU.ActiveCfg = Debug|Any CPU
		{B6000000-0000-4000-8000-000000000006}.Debug|Any CPU.Build.0 = Debug|Any CPU
		{B6000000-0000-4000-8000-000000000006}.Release|Any CPU.ActiveCfg = Release|Any CPU
		{B6000000-0000-4000-8000-000000000006}.Release|Any CPU.Build.0 = Release|Any CPU
		{B7000000-0000-4000-8000-000000000007}.Debug|Any CPU.ActiveCfg = Debug|Any CPU
		{B7000000-0000-4000-8000-000000000007}.Debug|Any CPU.Build.0 = Debug|Any CPU
		{B7000000-0000-4000-8000-000000000007}.Release|Any CPU.ActiveCfg = Release|Any CPU
		{B7000000-0000-4000-8000-000000000007}.Release|Any CPU.Build.0 = Release|Any CPU
		{B8000000-0000-4000-8000-000000000008}.Debug|Any CPU.ActiveCfg = Debug|Any CPU
		{B8000000-0000-4000-8000-000000000008}.Debug|Any CPU.Build.0 = Debug|Any CPU
		{B8000000-0000-4000-8000-000000000008}.Release|Any CPU.ActiveCfg = Release|Any CPU
		{B8000000-0000-4000-8000-000000000008}.Release|Any CPU.Build.0 = Release|Any CPU
		{B9000000-0000-4000-8000-000000000009}.Debug|Any CPU.ActiveCfg = Debug|Any CPU
		{B9000000-0000-4000-8000-000000000009}.Debug|Any CPU.Build.0 = Debug|Any CPU
		{B9000000-0000-4000-8000-000000000009}.Release|Any CPU.ActiveCfg = Release|Any CPU
		{B9000000-0000-4000-8000-000000000009}.Release|Any CPU.Build.0 = Release|Any CPU
		{BA000000-0000-4000-8000-000000000010}.Debug|Any CPU.ActiveCfg = Debug|Any CPU
		{BA000000-0000-4000-8000-000000000010}.Debug|Any CPU.Build.0 = Debug|Any CPU
		{BA000000-0000-4000-8000-000000000010}.Release|Any CPU.ActiveCfg = Release|Any CPU
		{BA000000-0000-4000-8000-000000000010}.Release|Any CPU.Build.0 = Release|Any CPU
		{C1000000-0000-4000-8000-000000000001}.Debug|Any CPU.ActiveCfg = Debug|Any CPU
		{C1000000-0000-4000-8000-000000000001}.Debug|Any CPU.Build.0 = Debug|Any CPU
		{C1000000-0000-4000-8000-000000000001}.Release|Any CPU.ActiveCfg = Release|Any CPU
		{C1000000-0000-4000-8000-000000000001}.Release|Any CPU.Build.0 = Release|Any CPU
	EndGlobalSection
	GlobalSection(SolutionProperties) = preSolution
		HideSolutionNode = FALSE
	EndGlobalSection
EndGlobal
